{
  "requires": true,
  "lockfileVersion": 1,
  "dependencies": {
    "@types/text-encoding": {
      "version": "0.0.35",
      "resolved": "https://registry.npmjs.org/@types/text-encoding/-/text-encoding-0.0.35.tgz",
      "integrity": "sha512-jfo/A88XIiAweUa8np+1mPbm3h2w0s425YrI8t3wk5QxhH6UI7w517MboNVnGDeMSuoFwA8Rwmklno+FicvV4g=="
    }
  }
}
